{
  "requires": true,
  "lockfileVersion": 1,
  "dependencies": {
    "@mattcbaker/blip": {
      "version": "1.0.5",
      "resolved": "https://registry.npmjs.org/@mattcbaker/blip/-/blip-1.0.5.tgz",
      "integrity": "sha512-a7NHmoZXVcKe2IobCiyFoQb0eSujgZcnY0Kxo0lGMIWz4/XjHzanLOC8EyvWURAumhzKmTk4/uxXZ7J5+SsD8Q=="
    }
  }
}
