{
  "requires": true,
  "lockfileVersion": 1,
  "dependencies": {
    "@mattcbaker/blip": {
      "version": "1.0.4",
      "resolved": "https://registry.npmjs.org/@mattcbaker/blip/-/blip-1.0.4.tgz",
      "integrity": "sha512-ABg8UilHWr7kzBAHn+Ru3TGCTq085aivR4GCcY0LUxi25qa2OxeyfFPYGzCDSv4RDisxgXURldhIPiS3Xcttag=="
    }
  }
}
